
Microsoft Visual Studio Solution File, Format Version 12.00
# Visual Studio Version 17
VisualStudioVersion = 17.0.31903.59
MinimumVisualStudioVersion = 10.0.40219.1
Project("{2150E333-8FDC-42A3-9474-1A3956D46DE8}") = "server", "server", "{DAD03CFC-D5FA-AC94-41C7-9ABAB326F09E}"
EndProject
Project("{FAE04EC0-301F-11D3-BF4B-00C04F79EFBC}") = "DevSecOpsBackend", "server\DevSecOpsBackend\DevSecOpsBackend.csproj", "{C9C1854C-971E-4188-BE7A-81F95BDA7E1D}"
EndProject
Global
	GlobalSection(SolutionConfigurationPlatforms) = preSolution
		Debug|Any CPU = Debug|Any CPU
		Debug|x64 = Debug|x64
		Debug|x86 = Debug|x86
		Release|Any CPU = Release|Any CPU
		Release|x64 = Release|x64
		Release|x86 = Release|x86
	EndGlobalSection
	GlobalSection(ProjectConfigurationPlatforms) = postSolution
		{C9C1854C-971E-4188-BE7A-81F95BDA7E1D}.Debug|Any CPU.ActiveCfg = Debug|Any CPU
		{C9C1854C-971E-4188-BE7A-81F95BDA7E1D}.Debug|Any CPU.Build.0 = Debug|Any CPU
		{C9C1854C-971E-4188-BE7A-81F95BDA7E1D}.Debug|x64.ActiveCfg = Debug|Any CPU
		{C9C1854C-971E-4188-BE7A-81F95BDA7E1D}.Debug|x64.Build.0 = Debug|Any CPU
		{C9C1854C-971E-4188-BE7A-81F95BDA7E1D}.Debug|x86.ActiveCfg = Debug|Any CPU
		{C9C1854C-971E-4188-BE7A-81F95BDA7E1D}.Debug|x86.Build.0 = Debug|Any CPU
		{C9C1854C-971E-4188-BE7A-81F95BDA7E1D}.Release|Any CPU.ActiveCfg = Release|Any CPU
		{C9C1854C-971E-4188-BE7A-81F95BDA7E1D}.Release|Any CPU.Build.0 = Release|Any CPU
		{C9C1854C-971E-4188-BE7A-81F95BDA7E1D}.Release|x64.ActiveCfg = Release|Any CPU
		{C9C1854C-971E-4188-BE7A-81F95BDA7E1D}.Release|x64.Build.0 = Release|Any CPU
		{C9C1854C-971E-4188-BE7A-81F95BDA7E1D}.Release|x86.ActiveCfg = Release|Any CPU
		{C9C1854C-971E-4188-BE7A-81F95BDA7E1D}.Release|x86.Build.0 = Release|Any CPU
	EndGlobalSection
	GlobalSection(SolutionProperties) = preSolution
		HideSolutionNode = FALSE
	EndGlobalSection
	GlobalSection(NestedProjects) = preSolution
		{C9C1854C-971E-4188-BE7A-81F95BDA7E1D} = {DAD03CFC-D5FA-AC94-41C7-9ABAB326F09E}
	EndGlobalSection
EndGlobal
